
Microsoft Visual Studio Solution File, Format Version 12.00
# Visual Studio 15
Project("{FAE04EC0-301F-11D3-BF4B-00C04F79EFBC}") = "WeatherApp.Android", "WeatherApp.Android\WeatherApp.Android.csproj", "{095204DD-D586-4D7C-8BA1-BEC536368727}"
EndProject
Project("{FAE04EC0-301F-11D3-BF4B-00C04F79EFBC}") = "WeatherApp.iOS", "WeatherApp.iOS\WeatherApp.iOS.csproj", "{275E3DF7-6356-4D8C-BA2F-071C4621DC07}"
EndProject
Project("{FAE04EC0-301F-11D3-BF4B-00C04F79EFBC}") = "WeatherApp", "WeatherApp\WeatherApp.csproj", "{E8082923-B803-4B8A-B7B9-60CB05B8D809}"
EndProject
Project("{FAE04EC0-301F-11D3-BF4B-00C04F79EFBC}") = "Core", "Core\Core.csproj", "{254189F8-95B5-4FE2-94C8-0BF079FB95E0}"
EndProject
Project("{9344BDBB-3E7F-41FC-A0DD-8665D75EE146}") = "WeatherApp.Tests", "WeatherApp.Tests\WeatherApp.Tests.csproj", "{CD2CA990-5994-4E57-B992-9EBCC9E205CE}"
EndProject
Global
	GlobalSection(SolutionConfigurationPlatforms) = preSolution
		Debug|Any CPU = Debug|Any CPU
		Release|Any CPU = Release|Any CPU
		Debug|iPhoneSimulator = Debug|iPhoneSimulator
		Release|iPhoneSimulator = Release|iPhoneSimulator
		Debug|iPhone = Debug|iPhone
		Release|iPhone = Release|iPhone
	EndGlobalSection
	GlobalSection(ProjectConfigurationPlatforms) = postSolution
		{095204DD-D586-4D7C-8BA1-BEC536368727}.Debug|Any CPU.ActiveCfg = Debug|Any CPU
		{095204DD-D586-4D7C-8BA1-BEC536368727}.Debug|Any CPU.Build.0 = Debug|Any CPU
		{095204DD-D586-4D7C-8BA1-BEC536368727}.Release|Any CPU.ActiveCfg = Release|Any CPU
		{095204DD-D586-4D7C-8BA1-BEC536368727}.Release|Any CPU.Build.0 = Release|Any CPU
		{095204DD-D586-4D7C-8BA1-BEC536368727}.Debug|iPhoneSimulator.ActiveCfg = Debug|Any CPU
		{095204DD-D586-4D7C-8BA1-BEC536368727}.Debug|iPhoneSimulator.Build.0 = Debug|Any CPU
		{095204DD-D586-4D7C-8BA1-BEC536368727}.Release|iPhoneSimulator.ActiveCfg = Release|Any CPU
		{095204DD-D586-4D7C-8BA1-BEC536368727}.Release|iPhoneSimulator.Build.0 = Release|Any CPU
		{095204DD-D586-4D7C-8BA1-BEC536368727}.Debug|iPhone.ActiveCfg = Debug|Any CPU
		{095204DD-D586-4D7C-8BA1-BEC536368727}.Debug|iPhone.Build.0 = Debug|Any CPU
		{095204DD-D586-4D7C-8BA1-BEC536368727}.Release|iPhone.ActiveCfg = Release|Any CPU
		{095204DD-D586-4D7C-8BA1-BEC536368727}.Release|iPhone.Build.0 = Release|Any CPU
		{275E3DF7-6356-4D8C-BA2F-071C4621DC07}.Debug|Any CPU.ActiveCfg = Debug|iPhoneSimulator
		{275E3DF7-6356-4D8C-BA2F-071C4621DC07}.Debug|Any CPU.Build.0 = Debug|iPhoneSimulator
		{275E3DF7-6356-4D8C-BA2F-071C4621DC07}.Release|Any CPU.ActiveCfg = Release|iPhoneSimulator
		{275E3DF7-6356-4D8C-BA2F-071C4621DC07}.Release|Any CPU.Build.0 = Release|iPhoneSimulator
		{275E3DF7-6356-4D8C-BA2F-071C4621DC07}.Debug|iPhoneSimulator.ActiveCfg = Debug|iPhoneSimulator
		{275E3DF7-6356-4D8C-BA2F-071C4621DC07}.Debug|iPhoneSimulator.Build.0 = Debug|iPhoneSimulator
		{275E3DF7-6356-4D8C-BA2F-071C4621DC07}.Release|iPhoneSimulator.ActiveCfg = Release|iPhoneSimulator
		{275E3DF7-6356-4D8C-BA2F-071C4621DC07}.Release|iPhoneSimulator.Build.0 = Release|iPhoneSimulator
		{275E3DF7-6356-4D8C-BA2F-071C4621DC07}.Debug|iPhone.ActiveCfg = Debug|iPhone
		{275E3DF7-6356-4D8C-BA2F-071C4621DC07}.Debug|iPhone.Build.0 = Debug|iPhone
		{275E3DF7-6356-4D8C-BA2F-071C4621DC07}.Release|iPhone.ActiveCfg = Release|iPhone
		{275E3DF7-6356-4D8C-BA2F-071C4621DC07}.Release|iPhone.Build.0 = Release|iPhone
		{E8082923-B803-4B8A-B7B9-60CB05B8D809}.Debug|Any CPU.ActiveCfg = Debug|Any CPU
		{E8082923-B803-4B8A-B7B9-60CB05B8D809}.Debug|Any CPU.Build.0 = Debug|Any CPU
		{E8082923-B803-4B8A-B7B9-60CB05B8D809}.Release|Any CPU.ActiveCfg = Release|Any CPU
		{E8082923-B803-4B8A-B7B9-60CB05B8D809}.Release|Any CPU.Build.0 = Release|Any CPU
		{E8082923-B803-4B8A-B7B9-60CB05B8D809}.Debug|iPhoneSimulator.ActiveCfg = Debug|Any CPU
		{E8082923-B803-4B8A-B7B9-60CB05B8D809}.Debug|iPhoneSimulator.Build.0 = Debug|Any CPU
		{E8082923-B803-4B8A-B7B9-60CB05B8D809}.Release|iPhoneSimulator.ActiveCfg = Release|Any CPU
		{E8082923-B803-4B8A-B7B9-60CB05B8D809}.Release|iPhoneSimulator.Build.0 = Release|Any CPU
		{E8082923-B803-4B8A-B7B9-60CB05B8D809}.Debug|iPhone.ActiveCfg = Debug|Any CPU
		{E8082923-B803-4B8A-B7B9-60CB05B8D809}.Debug|iPhone.Build.0 = Debug|Any CPU
		{E8082923-B803-4B8A-B7B9-60CB05B8D809}.Release|iPhone.ActiveCfg = Release|Any CPU
		{E8082923-B803-4B8A-B7B9-60CB05B8D809}.Release|iPhone.Build.0 = Release|Any CPU
		{254189F8-95B5-4FE2-94C8-0BF079FB95E0}.Debug|Any CPU.ActiveCfg = Debug|Any CPU
		{254189F8-95B5-4FE2-94C8-0BF079FB95E0}.Debug|Any CPU.Build.0 = Debug|Any CPU
		{254189F8-95B5-4FE2-94C8-0BF079FB95E0}.Release|Any CPU.ActiveCfg = Release|Any CPU
		{254189F8-95B5-4FE2-94C8-0BF079FB95E0}.Release|Any CPU.Build.0 = Release|Any CPU
		{254189F8-95B5-4FE2-94C8-0BF079FB95E0}.Debug|iPhoneSimulator.ActiveCfg = Debug|Any CPU
		{254189F8-95B5-4FE2-94C8-0BF079FB95E0}.Debug|iPhoneSimulator.Build.0 = Debug|Any CPU
		{254189F8-95B5-4FE2-94C8-0BF079FB95E0}.Release|iPhoneSimulator.ActiveCfg = Release|Any CPU
		{254189F8-95B5-4FE2-94C8-0BF079FB95E0}.Release|iPhoneSimulator.Build.0 = Release|Any CPU
		{254189F8-95B5-4FE2-94C8-0BF079FB95E0}.Debug|iPhone.ActiveCfg = Debug|Any CPU
		{254189F8-95B5-4FE2-94C8-0BF079FB95E0}.Debug|iPhone.Build.0 = Debug|Any CPU
		{254189F8-95B5-4FE2-94C8-0BF079FB95E0}.Release|iPhone.ActiveCfg = Release|Any CPU
		{254189F8-95B5-4FE2-94C8-0BF079FB95E0}.Release|iPhone.Build.0 = Release|Any CPU
		{CD2CA990-5994-4E57-B992-9EBCC9E205CE}.Debug|Any CPU.ActiveCfg = Debug|Any CPU
		{CD2CA990-5994-4E57-B992-9EBCC9E205CE}.Debug|Any CPU.Build.0 = Debug|Any CPU
		{CD2CA990-5994-4E57-B992-9EBCC9E205CE}.Release|Any CPU.ActiveCfg = Release|Any CPU
		{CD2CA990-5994-4E57-B992-9EBCC9E205CE}.Release|Any CPU.Build.0 = Release|Any CPU
		{CD2CA990-5994-4E57-B992-9EBCC9E205CE}.Debug|iPhoneSimulator.ActiveCfg = Debug|Any CPU
		{CD2CA990-5994-4E57-B992-9EBCC9E205CE}.Debug|iPhoneSimulator.Build.0 = Debug|Any CPU
		{CD2CA990-5994-4E57-B992-9EBCC9E205CE}.Release|iPhoneSimulator.ActiveCfg = Release|Any CPU
		{CD2CA990-5994-4E57-B992-9EBCC9E205CE}.Release|iPhoneSimulator.Build.0 = Release|Any CPU
		{CD2CA990-5994-4E57-B992-9EBCC9E205CE}.Debug|iPhone.ActiveCfg = Debug|Any CPU
		{CD2CA990-5994-4E57-B992-9EBCC9E205CE}.Debug|iPhone.Build.0 = Debug|Any CPU
		{CD2CA990-5994-4E57-B992-9EBCC9E205CE}.Release|iPhone.ActiveCfg = Release|Any CPU
		{CD2CA990-5994-4E57-B992-9EBCC9E205CE}.Release|iPhone.Build.0 = Release|Any CPU
	EndGlobalSection
EndGlobal
